
Microsoft Visual Studio Solution File, Format Version 12.00
# Visual Studio Version 17
VisualStudioVersion = 17.1.32228.430
MinimumVisualStudioVersion = 10.0.40219.1
Project("{FAE04EC0-301F-11D3-BF4B-00C04F79EFBC}") = "arquivobinario", "arquivobinario\arquivobinario.csproj", "{ECA5A83A-0C5F-45C1-9DAE-FC9556DF14A2}"
EndProject
Global
	GlobalSection(SolutionConfigurationPlatforms) = preSolution
		Debug|Any CPU = Debug|Any CPU
		Release|Any CPU = Release|Any CPU
	EndGlobalSection
	GlobalSection(ProjectConfigurationPlatforms) = postSolution
		{ECA5A83A-0C5F-45C1-9DAE-FC9556DF14A2}.Debug|Any CPU.ActiveCfg = Debug|Any CPU
		{ECA5A83A-0C5F-45C1-9DAE-FC9556DF14A2}.Debug|Any CPU.Build.0 = Debug|Any CPU
		{ECA5A83A-0C5F-45C1-9DAE-FC9556DF14A2}.Release|Any CPU.ActiveCfg = Release|Any CPU
		{ECA5A83A-0C5F-45C1-9DAE-FC9556DF14A2}.Release|Any CPU.Build.0 = Release|Any CPU
	EndGlobalSection
	GlobalSection(SolutionProperties) = preSolution
		HideSolutionNode = FALSE
	EndGlobalSection
	GlobalSection(ExtensibilityGlobals) = postSolution
		SolutionGuid = {D5C4919C-7751-4D28-BA4F-D79B3FA750D8}
	EndGlobalSection
EndGlobal
