
Microsoft Visual Studio Solution File, Format Version 12.00
# Visual Studio Version 17
VisualStudioVersion = 17.1.32228.430
MinimumVisualStudioVersion = 10.0.40219.1
Project("{9A19103F-16F7-4668-BE54-9A1E7A4F7556}") = "Aula02", "Aula02.csproj", "{FE0A00F8-371A-4AD2-A97A-329F0F67C381}"
EndProject
Global
	GlobalSection(SolutionConfigurationPlatforms) = preSolution
		Debug|Any CPU = Debug|Any CPU
		Release|Any CPU = Release|Any CPU
	EndGlobalSection
	GlobalSection(ProjectConfigurationPlatforms) = postSolution
		{FE0A00F8-371A-4AD2-A97A-329F0F67C381}.Debug|Any CPU.ActiveCfg = Debug|Any CPU
		{FE0A00F8-371A-4AD2-A97A-329F0F67C381}.Debug|Any CPU.Build.0 = Debug|Any CPU
		{FE0A00F8-371A-4AD2-A97A-329F0F67C381}.Release|Any CPU.ActiveCfg = Release|Any CPU
		{FE0A00F8-371A-4AD2-A97A-329F0F67C381}.Release|Any CPU.Build.0 = Release|Any CPU
	EndGlobalSection
	GlobalSection(SolutionProperties) = preSolution
		HideSolutionNode = FALSE
	EndGlobalSection
	GlobalSection(ExtensibilityGlobals) = postSolution
		SolutionGuid = {5D871915-7C4E-48AF-9B79-C5D20DB7802A}
	EndGlobalSection
EndGlobal
